
Microsoft Visual Studio Solution File, Format Version 12.00
# Visual Studio Version 18
VisualStudioVersion = 18.1.11312.151 d18.0
MinimumVisualStudioVersion = 10.0.40219.1
Project("{FAE04EC0-301F-11D3-BF4B-00C04F79EFBC}") = "LoanMe.Api", "LoanMe.Api\LoanMe.Api.csproj", "{C0C243D4-7A30-4FFA-A468-5118C9EDA150}"
EndProject
Global
	GlobalSection(SolutionConfigurationPlatforms) = preSolution
		Debug|Any CPU = Debug|Any CPU
		Release|Any CPU = Release|Any CPU
	EndGlobalSection
	GlobalSection(ProjectConfigurationPlatforms) = postSolution
		{C0C243D4-7A30-4FFA-A468-5118C9EDA150}.Debug|Any CPU.ActiveCfg = Debug|Any CPU
		{C0C243D4-7A30-4FFA-A468-5118C9EDA150}.Debug|Any CPU.Build.0 = Debug|Any CPU
		{C0C243D4-7A30-4FFA-A468-5118C9EDA150}.Release|Any CPU.ActiveCfg = Release|Any CPU
		{C0C243D4-7A30-4FFA-A468-5118C9EDA150}.Release|Any CPU.Build.0 = Release|Any CPU
	EndGlobalSection
	GlobalSection(SolutionProperties) = preSolution
		HideSolutionNode = FALSE
	EndGlobalSection
EndGlobal
